
Microsoft Visual Studio Solution File, Format Version 12.00
# Visual Studio 15
VisualStudioVersion = 15.0.28010.2048
MinimumVisualStudioVersion = 10.0.40219.1
Project("{FAE04EC0-301F-11D3-BF4B-00C04F79EFBC}") = "PrimeiroProjeto", "PirmeiroProjeto\PrimeiroProjeto.csproj", "{C652D90A-7697-4D91-851E-8CFE69017636}"
EndProject
Project("{FAE04EC0-301F-11D3-BF4B-00C04F79EFBC}") = "Baskara", "Baskara\Baskara.csproj", "{28B9E91B-01ED-4368-8E14-0FE1AE2A91CE}"
EndProject
Project("{FAE04EC0-301F-11D3-BF4B-00C04F79EFBC}") = "MediaIdade", "ConsoleApp1\MediaIdade.csproj", "{58D9B25C-80DE-480E-B05C-283AA51565BD}"
EndProject
Project("{FAE04EC0-301F-11D3-BF4B-00C04F79EFBC}") = "divisaoPontoFlutante", "divisaoPontoFlutante\divisaoPontoFlutante.csproj", "{B5A17F51-375E-4AAF-81FE-BD6F6AF64809}"
EndProject
Project("{FAE04EC0-301F-11D3-BF4B-00C04F79EFBC}") = "operacaoTriangulo", "ConsoleApp2\operacaoTriangulo.csproj", "{B88386C3-EA3F-4F32-B9FE-59C3A64E2616}"
EndProject
Project("{FAE04EC0-301F-11D3-BF4B-00C04F79EFBC}") = "musicTool", "musicTool\musicTool.csproj", "{2866DF1B-F65B-4737-AB49-2661B7AA7E0B}"
EndProject
Project("{FAE04EC0-301F-11D3-BF4B-00C04F79EFBC}") = "controleEstoque", "controleEstoque\controleEstoque.csproj", "{C634A77D-4F2F-4F0B-9761-7CE9FA05EE45}"
EndProject
Project("{FAE04EC0-301F-11D3-BF4B-00C04F79EFBC}") = "sistemaBanco", "sistemaBanco\sistemaBanco.csproj", "{A96C9615-2535-48EF-88AA-36FD9D97F993}"
EndProject
Project("{FAE04EC0-301F-11D3-BF4B-00C04F79EFBC}") = "mediaNumeros", "mediaNumeros\mediaNumeros.csproj", "{7D895E54-C6F7-44B7-AC8A-C510521F372F}"
EndProject
Global
	GlobalSection(SolutionConfigurationPlatforms) = preSolution
		Debug|Any CPU = Debug|Any CPU
		Release|Any CPU = Release|Any CPU
	EndGlobalSection
	GlobalSection(ProjectConfigurationPlatforms) = postSolution
		{C652D90A-7697-4D91-851E-8CFE69017636}.Debug|Any CPU.ActiveCfg = Debug|Any CPU
		{C652D90A-7697-4D91-851E-8CFE69017636}.Debug|Any CPU.Build.0 = Debug|Any CPU
		{C652D90A-7697-4D91-851E-8CFE69017636}.Release|Any CPU.ActiveCfg = Release|Any CPU
		{C652D90A-7697-4D91-851E-8CFE69017636}.Release|Any CPU.Build.0 = Release|Any CPU
		{28B9E91B-01ED-4368-8E14-0FE1AE2A91CE}.Debug|Any CPU.ActiveCfg = Debug|Any CPU
		{28B9E91B-01ED-4368-8E14-0FE1AE2A91CE}.Debug|Any CPU.Build.0 = Debug|Any CPU
		{28B9E91B-01ED-4368-8E14-0FE1AE2A91CE}.Release|Any CPU.ActiveCfg = Release|Any CPU
		{28B9E91B-01ED-4368-8E14-0FE1AE2A91CE}.Release|Any CPU.Build.0 = Release|Any CPU
		{58D9B25C-80DE-480E-B05C-283AA51565BD}.Debug|Any CPU.ActiveCfg = Debug|Any CPU
		{58D9B25C-80DE-480E-B05C-283AA51565BD}.Debug|Any CPU.Build.0 = Debug|Any CPU
		{58D9B25C-80DE-480E-B05C-283AA51565BD}.Release|Any CPU.ActiveCfg = Release|Any CPU
		{58D9B25C-80DE-480E-B05C-283AA51565BD}.Release|Any CPU.Build.0 = Release|Any CPU
		{B5A17F51-375E-4AAF-81FE-BD6F6AF64809}.Debug|Any CPU.ActiveCfg = Debug|Any CPU
		{B5A17F51-375E-4AAF-81FE-BD6F6AF64809}.Debug|Any CPU.Build.0 = Debug|Any CPU
		{B5A17F51-375E-4AAF-81FE-BD6F6AF64809}.Release|Any CPU.ActiveCfg = Release|Any CPU
		{B5A17F51-375E-4AAF-81FE-BD6F6AF64809}.Release|Any CPU.Build.0 = Release|Any CPU
		{B88386C3-EA3F-4F32-B9FE-59C3A64E2616}.Debug|Any CPU.ActiveCfg = Debug|Any CPU
		{B88386C3-EA3F-4F32-B9FE-59C3A64E2616}.Debug|Any CPU.Build.0 = Debug|Any CPU
		{B88386C3-EA3F-4F32-B9FE-59C3A64E2616}.Release|Any CPU.ActiveCfg = Release|Any CPU
		{B88386C3-EA3F-4F32-B9FE-59C3A64E2616}.Release|Any CPU.Build.0 = Release|Any CPU
		{2866DF1B-F65B-4737-AB49-2661B7AA7E0B}.Debug|Any CPU.ActiveCfg = Debug|Any CPU
		{2866DF1B-F65B-4737-AB49-2661B7AA7E0B}.Debug|Any CPU.Build.0 = Debug|Any CPU
		{2866DF1B-F65B-4737-AB49-2661B7AA7E0B}.Release|Any CPU.ActiveCfg = Release|Any CPU
		{2866DF1B-F65B-4737-AB49-2661B7AA7E0B}.Release|Any CPU.Build.0 = Release|Any CPU
		{C634A77D-4F2F-4F0B-9761-7CE9FA05EE45}.Debug|Any CPU.ActiveCfg = Debug|Any CPU
		{C634A77D-4F2F-4F0B-9761-7CE9FA05EE45}.Debug|Any CPU.Build.0 = Debug|Any CPU
		{C634A77D-4F2F-4F0B-9761-7CE9FA05EE45}.Release|Any CPU.ActiveCfg = Release|Any CPU
		{C634A77D-4F2F-4F0B-9761-7CE9FA05EE45}.Release|Any CPU.Build.0 = Release|Any CPU
		{A96C9615-2535-48EF-88AA-36FD9D97F993}.Debug|Any CPU.ActiveCfg = Debug|Any CPU
		{A96C9615-2535-48EF-88AA-36FD9D97F993}.Debug|Any CPU.Build.0 = Debug|Any CPU
		{A96C9615-2535-48EF-88AA-36FD9D97F993}.Release|Any CPU.ActiveCfg = Release|Any CPU
		{A96C9615-2535-48EF-88AA-36FD9D97F993}.Release|Any CPU.Build.0 = Release|Any CPU
		{7D895E54-C6F7-44B7-AC8A-C510521F372F}.Debug|Any CPU.ActiveCfg = Debug|Any CPU
		{7D895E54-C6F7-44B7-AC8A-C510521F372F}.Debug|Any CPU.Build.0 = Debug|Any CPU
		{7D895E54-C6F7-44B7-AC8A-C510521F372F}.Release|Any CPU.ActiveCfg = Release|Any CPU
		{7D895E54-C6F7-44B7-AC8A-C510521F372F}.Release|Any CPU.Build.0 = Release|Any CPU
	EndGlobalSection
	GlobalSection(SolutionProperties) = preSolution
		HideSolutionNode = FALSE
	EndGlobalSection
	GlobalSection(ExtensibilityGlobals) = postSolution
		SolutionGuid = {CA69BF13-4FDF-455F-9518-B96D2780552D}
	EndGlobalSection
EndGlobal
